
Microsoft Visual Studio Solution File, Format Version 12.00
# Visual Studio Version 17
VisualStudioVersion = 17.0.32014.148
MinimumVisualStudioVersion = 10.0.40219.1
Project("{FAE04EC0-301F-11D3-BF4B-00C04F79EFBC}") = "CodeFirstApproach", "CodeFirstApproach\CodeFirstApproach.csproj", "{BFDAA9E4-1437-4E61-AAB7-820E5E76A765}"
EndProject
Global
	GlobalSection(SolutionConfigurationPlatforms) = preSolution
		Debug|Any CPU = Debug|Any CPU
		Release|Any CPU = Release|Any CPU
	EndGlobalSection
	GlobalSection(ProjectConfigurationPlatforms) = postSolution
		{BFDAA9E4-1437-4E61-AAB7-820E5E76A765}.Debug|Any CPU.ActiveCfg = Debug|Any CPU
		{BFDAA9E4-1437-4E61-AAB7-820E5E76A765}.Debug|Any CPU.Build.0 = Debug|Any CPU
		{BFDAA9E4-1437-4E61-AAB7-820E5E76A765}.Release|Any CPU.ActiveCfg = Release|Any CPU
		{BFDAA9E4-1437-4E61-AAB7-820E5E76A765}.Release|Any CPU.Build.0 = Release|Any CPU
	EndGlobalSection
	GlobalSection(SolutionProperties) = preSolution
		HideSolutionNode = FALSE
	EndGlobalSection
	GlobalSection(ExtensibilityGlobals) = postSolution
		SolutionGuid = {253B2CC9-3122-4051-A25A-30EB0F9DC8EC}
	EndGlobalSection
EndGlobal
